
Microsoft Visual Studio Solution File, Format Version 12.00
# Visual Studio Version 17
VisualStudioVersion = 17.0.31903.59
MinimumVisualStudioVersion = 10.0.40219.1
Project("{FAE04EC0-301F-11D3-BF4B-00C04F79EFBC}") = "Basic Length Measure", "Basic Length Measure\Basic Length Measure.csproj", "{564181E7-622B-4225-AD05-B9705056E34D}"
EndProject
Global
	GlobalSection(SolutionConfigurationPlatforms) = preSolution
		Debug|Any CPU = Debug|Any CPU
		Release|Any CPU = Release|Any CPU
	EndGlobalSection
	GlobalSection(ProjectConfigurationPlatforms) = postSolution
		{564181E7-622B-4225-AD05-B9705056E34D}.Debug|Any CPU.ActiveCfg = Debug|Any CPU
		{564181E7-622B-4225-AD05-B9705056E34D}.Debug|Any CPU.Build.0 = Debug|Any CPU
		{564181E7-622B-4225-AD05-B9705056E34D}.Release|Any CPU.ActiveCfg = Release|Any CPU
		{564181E7-622B-4225-AD05-B9705056E34D}.Release|Any CPU.Build.0 = Release|Any CPU
	EndGlobalSection
	GlobalSection(SolutionProperties) = preSolution
		HideSolutionNode = FALSE
	EndGlobalSection
	GlobalSection(ExtensibilityGlobals) = postSolution
		SolutionGuid = {12076CC9-0BE1-4094-8FFB-6B3151E72FF8}
	EndGlobalSection
EndGlobal
